{
  "name": "wpt",
  "version": "0.0.1",
  "lockfileVersion": 2,
  "requires": true,
  "packages": {
    "": {
      "name": "wpt",
      "version": "0.0.1",
      "license": "UNLICENSED",
      "dependencies": {
        "@lwc/synthetic-shadow": "^2.4.0"
      }
    },
    "node_modules/@lwc/synthetic-shadow": {
      "version": "2.4.0",
      "resolved": "https://registry.npmjs.org/@lwc/synthetic-shadow/-/synthetic-shadow-2.4.0.tgz",
      "integrity": "sha512-Oib2oBDlsgD6dRYlKXoZ7vp8OoO/f1u02fgJpR2SAILy0xmxKo9vTUSpadgQOwbW9jChkiIcUFPBhMkLccFEig=="
    }
  },
  "dependencies": {
    "@lwc/synthetic-shadow": {
      "version": "2.4.0",
      "resolved": "https://registry.npmjs.org/@lwc/synthetic-shadow/-/synthetic-shadow-2.4.0.tgz",
      "integrity": "sha512-Oib2oBDlsgD6dRYlKXoZ7vp8OoO/f1u02fgJpR2SAILy0xmxKo9vTUSpadgQOwbW9jChkiIcUFPBhMkLccFEig=="
    }
  }
}
